
Microsoft Visual Studio Solution File, Format Version 12.00
# Visual Studio Version 16
VisualStudioVersion = 16.0.29613.14
MinimumVisualStudioVersion = 10.0.40219.1
Project("{FAE04EC0-301F-11D3-BF4B-00C04F79EFBC}") = "BlogsApi", "BlogsApi.csproj", "{552A1E8E-D3C9-4883-9E21-3EFB9FE79480}"
EndProject
Global
	GlobalSection(SolutionConfigurationPlatforms) = preSolution
		Debug|Any CPU = Debug|Any CPU
		Release|Any CPU = Release|Any CPU
	EndGlobalSection
	GlobalSection(ProjectConfigurationPlatforms) = postSolution
		{552A1E8E-D3C9-4883-9E21-3EFB9FE79480}.Debug|Any CPU.ActiveCfg = Debug|Any CPU
		{552A1E8E-D3C9-4883-9E21-3EFB9FE79480}.Debug|Any CPU.Build.0 = Debug|Any CPU
		{552A1E8E-D3C9-4883-9E21-3EFB9FE79480}.Release|Any CPU.ActiveCfg = Release|Any CPU
		{552A1E8E-D3C9-4883-9E21-3EFB9FE79480}.Release|Any CPU.Build.0 = Release|Any CPU
	EndGlobalSection
	GlobalSection(SolutionProperties) = preSolution
		HideSolutionNode = FALSE
	EndGlobalSection
	GlobalSection(ExtensibilityGlobals) = postSolution
		SolutionGuid = {A0E9A29B-2C72-4FBB-B430-64145B5AEFBA}
	EndGlobalSection
EndGlobal
